// !$*UTF8*$!
{
	archiveVersion = 1;
	classes = {
	};
	objectVersion = 50;
	objects = {

/* Begin PBXBuildFile section */
		189073C424BF84150075A810 /* AppDelegate.swift in Sources */ = {isa = PBXBuildFile; fileRef = 189073C324BF84150075A810 /* AppDelegate.swift */; };
		189073C624BF84150075A810 /* SceneDelegate.swift in Sources */ = {isa = PBXBuildFile; fileRef = 189073C524BF84150075A810 /* SceneDelegate.swift */; };
		189073C824BF84150075A810 /* ViewController.swift in Sources */ = {isa = PBXBuildFile; fileRef = 189073C724BF84150075A810 /* ViewController.swift */; };
		189073CB24BF84150075A810 /* Main.storyboard in Resources */ = {isa = PBXBuildFile; fileRef = 189073C924BF84150075A810 /* Main.storyboard */; };
		189073CE24BF84150075A810 /* Comma_App.xcdatamodeld in Sources */ = {isa = PBXBuildFile; fileRef = 189073CC24BF84150075A810 /* Comma_App.xcdatamodeld */; };
		189073D024BF84160075A810 /* Assets.xcassets in Resources */ = {isa = PBXBuildFile; fileRef = 189073CF24BF84160075A810 /* Assets.xcassets */; };
		189073D324BF84160075A810 /* LaunchScreen.storyboard in Resources */ = {isa = PBXBuildFile; fileRef = 189073D124BF84160075A810 /* LaunchScreen.storyboard */; };
		189073DB24BFAD910075A810 /* MeditationViewController.swift in Sources */ = {isa = PBXBuildFile; fileRef = 189073DA24BFAD910075A810 /* MeditationViewController.swift */; };
		18B5AE8C24BFC2A8003EFE15 /* HappyZoneViewController.swift in Sources */ = {isa = PBXBuildFile; fileRef = 18B5AE8B24BFC2A8003EFE15 /* HappyZoneViewController.swift */; };
		7FE566DF24C0B781005B090E /* AVFoundation.framework in Frameworks */ = {isa = PBXBuildFile; fileRef = 7FE566DE24C0B781005B090E /* AVFoundation.framework */; };
		7FE566E124C0B791005B090E /* rain.mp3 in Resources */ = {isa = PBXBuildFile; fileRef = 7FE566E024C0B791005B090E /* rain.mp3 */; };
		7FE566E324C0C1D2005B090E /* TimerViewController.swift in Sources */ = {isa = PBXBuildFile; fileRef = 7FE566E224C0C1D1005B090E /* TimerViewController.swift */; };
		7FE566E524C0CDA4005B090E /* forest.mp3 in Resources */ = {isa = PBXBuildFile; fileRef = 7FE566E424C0CDA4005B090E /* forest.mp3 */; };
		7FE566E724C0CEBD005B090E /* ocean.mp3 in Resources */ = {isa = PBXBuildFile; fileRef = 7FE566E624C0CEBD005B090E /* ocean.mp3 */; };
		7FE566E924C2027D005B090E /* alarm.mp3 in Resources */ = {isa = PBXBuildFile; fileRef = 7FE566E824C2027D005B090E /* alarm.mp3 */; };
/* End PBXBuildFile section */

/* Begin PBXFileReference section */
		189073C024BF84150075A810 /* Comma App.app */ = {isa = PBXFileReference; explicitFileType = wrapper.application; includeInIndex = 0; path = "Comma App.app"; sourceTree = BUILT_PRODUCTS_DIR; };
		189073C324BF84150075A810 /* AppDelegate.swift */ = {isa = PBXFileReference; lastKnownFileType = sourcecode.swift; path = AppDelegate.swift; sourceTree = "<group>"; };
		189073C524BF84150075A810 /* SceneDelegate.swift */ = {isa = PBXFileReference; lastKnownFileType = sourcecode.swift; path = SceneDelegate.swift; sourceTree = "<group>"; };
		189073C724BF84150075A810 /* ViewController.swift */ = {isa = PBXFileReference; lastKnownFileType = sourcecode.swift; path = ViewController.swift; sourceTree = "<group>"; };
		189073CA24BF84150075A810 /* Base */ = {isa = PBXFileReference; lastKnownFileType = file.storyboard; name = Base; path = Base.lproj/Main.storyboard; sourceTree = "<group>"; };
		189073CD24BF84150075A810 /* Comma_App.xcdatamodel */ = {isa = PBXFileReference; lastKnownFileType = wrapper.xcdatamodel; path = Comma_App.xcdatamodel; sourceTree = "<group>"; };
		189073CF24BF84160075A810 /* Assets.xcassets */ = {isa = PBXFileReference; lastKnownFileType = folder.assetcatalog; path = Assets.xcassets; sourceTree = "<group>"; };
		189073D224BF84160075A810 /* Base */ = {isa = PBXFileReference; lastKnownFileType = file.storyboard; name = Base; path = Base.lproj/LaunchScreen.storyboard; sourceTree = "<group>"; };
		189073D424BF84170075A810 /* Info.plist */ = {isa = PBXFileReference; lastKnownFileType = text.plist.xml; path = Info.plist; sourceTree = "<group>"; };
		189073DA24BFAD910075A810 /* MeditationViewController.swift */ = {isa = PBXFileReference; lastKnownFileType = sourcecode.swift; path = MeditationViewController.swift; sourceTree = "<group>"; };
		18B5AE8B24BFC2A8003EFE15 /* HappyZoneViewController.swift */ = {isa = PBXFileReference; lastKnownFileType = sourcecode.swift; path = HappyZoneViewController.swift; sourceTree = "<group>"; };
		7FE566DE24C0B781005B090E /* AVFoundation.framework */ = {isa = PBXFileReference; lastKnownFileType = wrapper.framework; name = AVFoundation.framework; path = System/Library/Frameworks/AVFoundation.framework; sourceTree = SDKROOT; };
		7FE566E024C0B791005B090E /* rain.mp3 */ = {isa = PBXFileReference; lastKnownFileType = audio.mp3; name = rain.mp3; path = ../../rain.mp3; sourceTree = "<group>"; };
		7FE566E224C0C1D1005B090E /* TimerViewController.swift */ = {isa = PBXFileReference; lastKnownFileType = sourcecode.swift; path = TimerViewController.swift; sourceTree = "<group>"; };
		7FE566E424C0CDA4005B090E /* forest.mp3 */ = {isa = PBXFileReference; lastKnownFileType = audio.mp3; name = forest.mp3; path = ../../../Downloads/forest.mp3; sourceTree = "<group>"; };
		7FE566E624C0CEBD005B090E /* ocean.mp3 */ = {isa = PBXFileReference; lastKnownFileType = audio.mp3; name = ocean.mp3; path = ../../../Downloads/ocean.mp3; sourceTree = "<group>"; };
		7FE566E824C2027D005B090E /* alarm.mp3 */ = {isa = PBXFileReference; lastKnownFileType = audio.mp3; name = alarm.mp3; path = ../../../Downloads/alarm.mp3; sourceTree = "<group>"; };
/* End PBXFileReference section */

/* Begin PBXFrameworksBuildPhase section */
		189073BD24BF84150075A810 /* Frameworks */ = {
			isa = PBXFrameworksBuildPhase;
			buildActionMask = 2147483647;
			files = (
				7FE566DF24C0B781005B090E /* AVFoundation.framework in Frameworks */,
			);
			runOnlyForDeploymentPostprocessing = 0;
		};
/* End PBXFrameworksBuildPhase section */

/* Begin PBXGroup section */
		189073B724BF84150075A810 = {
			isa = PBXGroup;
			children = (
				189073C224BF84150075A810 /* Comma App */,
				189073C124BF84150075A810 /* Products */,
				7FE566DD24C0B780005B090E /* Frameworks */,
			);
			sourceTree = "<group>";
		};
		189073C124BF84150075A810 /* Products */ = {
			isa = PBXGroup;
			children = (
				189073C024BF84150075A810 /* Comma App.app */,
			);
			name = Products;
			sourceTree = "<group>";
		};
		189073C224BF84150075A810 /* Comma App */ = {
			isa = PBXGroup;
			children = (
				189073C324BF84150075A810 /* AppDelegate.swift */,
				189073C524BF84150075A810 /* SceneDelegate.swift */,
				189073C724BF84150075A810 /* ViewController.swift */,
				189073C924BF84150075A810 /* Main.storyboard */,
				189073CF24BF84160075A810 /* Assets.xcassets */,
				189073DA24BFAD910075A810 /* MeditationViewController.swift */,
				189073D124BF84160075A810 /* LaunchScreen.storyboard */,
				18B5AE8B24BFC2A8003EFE15 /* HappyZoneViewController.swift */,
				7FE566E024C0B791005B090E /* rain.mp3 */,
				7FE566E424C0CDA4005B090E /* forest.mp3 */,
				7FE566E624C0CEBD005B090E /* ocean.mp3 */,
				7FE566E824C2027D005B090E /* alarm.mp3 */,
				189073D424BF84170075A810 /* Info.plist */,
				189073CC24BF84150075A810 /* Comma_App.xcdatamodeld */,
				7FE566E224C0C1D1005B090E /* TimerViewController.swift */,
			);
			path = "Comma App";
			sourceTree = "<group>";
		};
		7FE566DD24C0B780005B090E /* Frameworks */ = {
			isa = PBXGroup;
			children = (
				7FE566DE24C0B781005B090E /* AVFoundation.framework */,
			);
			name = Frameworks;
			sourceTree = "<group>";
		};
/* End PBXGroup section */

/* Begin PBXNativeTarget section */
		189073BF24BF84150075A810 /* Comma App */ = {
			isa = PBXNativeTarget;
			buildConfigurationList = 189073D724BF84170075A810 /* Build configuration list for PBXNativeTarget "Comma App" */;
			buildPhases = (
				189073BC24BF84150075A810 /* Sources */,
				189073BD24BF84150075A810 /* Frameworks */,
				189073BE24BF84150075A810 /* Resources */,
			);
			buildRules = (
			);
			dependencies = (
			);
			name = "Comma App";
			productName = "Comma App";
			productReference = 189073C024BF84150075A810 /* Comma App.app */;
			productType = "com.apple.product-type.application";
		};
/* End PBXNativeTarget section */

/* Begin PBXProject section */
		189073B824BF84150075A810 /* Project object */ = {
			isa = PBXProject;
			attributes = {
				LastSwiftUpdateCheck = 1150;
				LastUpgradeCheck = 1150;
				ORGANIZATIONNAME = "Mya Sen";
				TargetAttributes = {
					189073BF24BF84150075A810 = {
						CreatedOnToolsVersion = 11.5;
					};
				};
			};
			buildConfigurationList = 189073BB24BF84150075A810 /* Build configuration list for PBXProject "Comma App" */;
			compatibilityVersion = "Xcode 9.3";
			developmentRegion = en;
			hasScannedForEncodings = 0;
			knownRegions = (
				en,
				Base,
			);
			mainGroup = 189073B724BF84150075A810;
			productRefGroup = 189073C124BF84150075A810 /* Products */;
			projectDirPath = "";
			projectRoot = "";
			targets = (
				189073BF24BF84150075A810 /* Comma App */,
			);
		};
/* End PBXProject section */

/* Begin PBXResourcesBuildPhase section */
		189073BE24BF84150075A810 /* Resources */ = {
			isa = PBXResourcesBuildPhase;
			buildActionMask = 2147483647;
			files = (
				189073D324BF84160075A810 /* LaunchScreen.storyboard in Resources */,
				7FE566E124C0B791005B090E /* rain.mp3 in Resources */,
				189073D024BF84160075A810 /* Assets.xcassets in Resources */,
				7FE566E524C0CDA4005B090E /* forest.mp3 in Resources */,
				189073CB24BF84150075A810 /* Main.storyboard in Resources */,
				7FE566E924C2027D005B090E /* alarm.mp3 in Resources */,
				7FE566E724C0CEBD005B090E /* ocean.mp3 in Resources */,
			);
			runOnlyForDeploymentPostprocessing = 0;
		};
/* End PBXResourcesBuildPhase section */

/* Begin PBXSourcesBuildPhase section */
		189073BC24BF84150075A810 /* Sources */ = {
			isa = PBXSourcesBuildPhase;
			buildActionMask = 2147483647;
			files = (
				189073C824BF84150075A810 /* ViewController.swift in Sources */,
				189073C424BF84150075A810 /* AppDelegate.swift in Sources */,
				189073DB24BFAD910075A810 /* MeditationViewController.swift in Sources */,
				7FE566E324C0C1D2005B090E /* TimerViewController.swift in Sources */,
				189073C624BF84150075A810 /* SceneDelegate.swift in Sources */,
				189073CE24BF84150075A810 /* Comma_App.xcdatamodeld in Sources */,
				18B5AE8C24BFC2A8003EFE15 /* HappyZoneViewController.swift in Sources */,
			);
			runOnlyForDeploymentPostprocessing = 0;
		};
/* End PBXSourcesBuildPhase section */

/* Begin PBXVariantGroup section */
		189073C924BF84150075A810 /* Main.storyboard */ = {
			isa = PBXVariantGroup;
			children = (
				189073CA24BF84150075A810 /* Base */,
			);
			name = Main.storyboard;
			sourceTree = "<group>";
		};
		189073D124BF84160075A810 /* LaunchScreen.storyboard */ = {
			isa = PBXVariantGroup;
			children = (
				189073D224BF84160075A810 /* Base */,
			);
			name = LaunchScreen.storyboard;
			sourceTree = "<group>";
		};
/* End PBXVariantGroup section */

/* Begin XCBuildConfiguration section */
		189073D524BF84170075A810 /* Debug */ = {
			isa = XCBuildConfiguration;
			buildSettings = {
				ALWAYS_SEARCH_USER_PATHS = NO;
				CLANG_ANALYZER_NONNULL = YES;
				CLANG_ANALYZER_NUMBER_OBJECT_CONVERSION = YES_AGGRESSIVE;
				CLANG_CXX_LANGUAGE_STANDARD = "gnu++14";
				CLANG_CXX_LIBRARY = "libc++";
				CLANG_ENABLE_MODULES = YES;
				CLANG_ENABLE_OBJC_ARC = YES;
				CLANG_ENABLE_OBJC_WEAK = YES;
				CLANG_WARN_BLOCK_CAPTURE_AUTORELEASING = YES;
				CLANG_WARN_BOOL_CONVERSION = YES;
				CLANG_WARN_COMMA = YES;
				CLANG_WARN_CONSTANT_CONVERSION = YES;
				CLANG_WARN_DEPRECATED_OBJC_IMPLEMENTATIONS = YES;
				CLANG_WARN_DIRECT_OBJC_ISA_USAGE = YES_ERROR;
				CLANG_WARN_DOCUMENTATION_COMMENTS = YES;
				CLANG_WARN_EMPTY_BODY = YES;
				CLANG_WARN_ENUM_CONVERSION = YES;
				CLANG_WARN_INFINITE_RECURSION = YES;
				CLANG_WARN_INT_CONVERSION = YES;
				CLANG_WARN_NON_LITERAL_NULL_CONVERSION = YES;
				CLANG_WARN_OBJC_IMPLICIT_RETAIN_SELF = YES;
				CLANG_WARN_OBJC_LITERAL_CONVERSION = YES;
				CLANG_WARN_OBJC_ROOT_CLASS = YES_ERROR;
				CLANG_WARN_RANGE_LOOP_ANALYSIS = YES;
				CLANG_WARN_STRICT_PROTOTYPES = YES;
				CLANG_WARN_SUSPICIOUS_MOVE = YES;
				CLANG_WARN_UNGUARDED_AVAILABILITY = YES_AGGRESSIVE;
				CLANG_WARN_UNREACHABLE_CODE = YES;
				CLANG_WARN__DUPLICATE_METHOD_MATCH = YES;
				COPY_PHASE_STRIP = NO;
				DEBUG_INFORMATION_FORMAT = dwarf;
				ENABLE_STRICT_OBJC_MSGSEND = YES;
				ENABLE_TESTABILITY = YES;
				GCC_C_LANGUAGE_STANDARD = gnu11;
				GCC_DYNAMIC_NO_PIC = NO;
				GCC_NO_COMMON_BLOCKS = YES;
				GCC_OPTIMIZATION_LEVEL = 0;
				GCC_PREPROCESSOR_DEFINITIONS = (
					"DEBUG=1",
					"$(inherited)",
				);
				GCC_WARN_64_TO_32_BIT_CONVERSION = YES;
				GCC_WARN_ABOUT_RETURN_TYPE = YES_ERROR;
				GCC_WARN_UNDECLARED_SELECTOR = YES;
				GCC_WARN_UNINITIALIZED_AUTOS = YES_AGGRESSIVE;
				GCC_WARN_UNUSED_FUNCTION = YES;
				GCC_WARN_UNUSED_VARIABLE = YES;
				IPHONEOS_DEPLOYMENT_TARGET = 13.5;
				MTL_ENABLE_DEBUG_INFO = INCLUDE_SOURCE;
				MTL_FAST_MATH = YES;
				ONLY_ACTIVE_ARCH = YES;
				SDKROOT = iphoneos;
				SWIFT_ACTIVE_COMPILATION_CONDITIONS = DEBUG;
				SWIFT_OPTIMIZATION_LEVEL = "-Onone";
			};
			name = Debug;
		};
		189073D624BF84170075A810 /* Release */ = {
			isa = XCBuildConfiguration;
			buildSettings = {
				ALWAYS_SEARCH_USER_PATHS = NO;
				CLANG_ANALYZER_NONNULL = YES;
				CLANG_ANALYZER_NUMBER_OBJECT_CONVERSION = YES_AGGRESSIVE;
				CLANG_CXX_LANGUAGE_STANDARD = "gnu++14";
				CLANG_CXX_LIBRARY = "libc++";
				CLANG_ENABLE_MODULES = YES;
				CLANG_ENABLE_OBJC_ARC = YES;
				CLANG_ENABLE_OBJC_WEAK = YES;
				CLANG_WARN_BLOCK_CAPTURE_AUTORELEASING = YES;
				CLANG_WARN_BOOL_CONVERSION = YES;
				CLANG_WARN_COMMA = YES;
				CLANG_WARN_CONSTANT_CONVERSION = YES;
				CLANG_WARN_DEPRECATED_OBJC_IMPLEMENTATIONS = YES;
				CLANG_WARN_DIRECT_OBJC_ISA_USAGE = YES_ERROR;
				CLANG_WARN_DOCUMENTATION_COMMENTS = YES;
				CLANG_WARN_EMPTY_BODY = YES;
				CLANG_WARN_ENUM_CONVERSION = YES;
				CLANG_WARN_INFINITE_RECURSION = YES;
				CLANG_WARN_INT_CONVERSION = YES;
				CLANG_WARN_NON_LITERAL_NULL_CONVERSION = YES;
				CLANG_WARN_OBJC_IMPLICIT_RETAIN_SELF = YES;
				CLANG_WARN_OBJC_LITERAL_CONVERSION = YES;
				CLANG_WARN_OBJC_ROOT_CLASS = YES_ERROR;
				CLANG_WARN_RANGE_LOOP_ANALYSIS = YES;
				CLANG_WARN_STRICT_PROTOTYPES = YES;
				CLANG_WARN_SUSPICIOUS_MOVE = YES;
				CLANG_WARN_UNGUARDED_AVAILABILITY = YES_AGGRESSIVE;
				CLANG_WARN_UNREACHABLE_CODE = YES;
				CLANG_WARN__DUPLICATE_METHOD_MATCH = YES;
				COPY_PHASE_STRIP = NO;
				DEBUG_INFORMATION_FORMAT = "dwarf-with-dsym";
				ENABLE_NS_ASSERTIONS = NO;
				ENABLE_STRICT_OBJC_MSGSEND = YES;
				GCC_C_LANGUAGE_STANDARD = gnu11;
				GCC_NO_COMMON_BLOCKS = YES;
				GCC_WARN_64_TO_32_BIT_CONVERSION = YES;
				GCC_WARN_ABOUT_RETURN_TYPE = YES_ERROR;
				GCC_WARN_UNDECLARED_SELECTOR = YES;
				GCC_WARN_UNINITIALIZED_AUTOS = YES_AGGRESSIVE;
				GCC_WARN_UNUSED_FUNCTION = YES;
				GCC_WARN_UNUSED_VARIABLE = YES;
				IPHONEOS_DEPLOYMENT_TARGET = 13.5;
				MTL_ENABLE_DEBUG_INFO = NO;
				MTL_FAST_MATH = YES;
				SDKROOT = iphoneos;
				SWIFT_COMPILATION_MODE = wholemodule;
				SWIFT_OPTIMIZATION_LEVEL = "-O";
				VALIDATE_PRODUCT = YES;
			};
			name = Release;
		};
		189073D824BF84170075A810 /* Debug */ = {
			isa = XCBuildConfiguration;
			buildSettings = {
				ASSETCATALOG_COMPILER_APPICON_NAME = AppIcon;
				CODE_SIGN_STYLE = Automatic;
				INFOPLIST_FILE = "Comma App/Info.plist";
				LD_RUNPATH_SEARCH_PATHS = (
					"$(inherited)",
					"@executable_path/Frameworks",
				);
				PRODUCT_BUNDLE_IDENTIFIER = "Mya-Sen.Comma-App";
				PRODUCT_NAME = "$(TARGET_NAME)";
				SWIFT_VERSION = 5.0;
				TARGETED_DEVICE_FAMILY = "1,2";
			};
			name = Debug;
		};
		189073D924BF84170075A810 /* Release */ = {
			isa = XCBuildConfiguration;
			buildSettings = {
				ASSETCATALOG_COMPILER_APPICON_NAME = AppIcon;
				CODE_SIGN_STYLE = Automatic;
				INFOPLIST_FILE = "Comma App/Info.plist";
				LD_RUNPATH_SEARCH_PATHS = (
					"$(inherited)",
					"@executable_path/Frameworks",
				);
				PRODUCT_BUNDLE_IDENTIFIER = "Mya-Sen.Comma-App";
				PRODUCT_NAME = "$(TARGET_NAME)";
				SWIFT_VERSION = 5.0;
				TARGETED_DEVICE_FAMILY = "1,2";
			};
			name = Release;
		};
/* End XCBuildConfiguration section */

/* Begin XCConfigurationList section */
		189073BB24BF84150075A810 /* Build configuration list for PBXProject "Comma App" */ = {
			isa = XCConfigurationList;
			buildConfigurations = (
				189073D524BF84170075A810 /* Debug */,
				189073D624BF84170075A810 /* Release */,
			);
			defaultConfigurationIsVisible = 0;
			defaultConfigurationName = Release;
		};
		189073D724BF84170075A810 /* Build configuration list for PBXNativeTarget "Comma App" */ = {
			isa = XCConfigurationList;
			buildConfigurations = (
				189073D824BF84170075A810 /* Debug */,
				189073D924BF84170075A810 /* Release */,
			);
			defaultConfigurationIsVisible = 0;
			defaultConfigurationName = Release;
		};
/* End XCConfigurationList section */

/* Begin XCVersionGroup section */
		189073CC24BF84150075A810 /* Comma_App.xcdatamodeld */ = {
			isa = XCVersionGroup;
			children = (
				189073CD24BF84150075A810 /* Comma_App.xcdatamodel */,
			);
			currentVersion = 189073CD24BF84150075A810 /* Comma_App.xcdatamodel */;
			path = Comma_App.xcdatamodeld;
			sourceTree = "<group>";
			versionGroupType = wrapper.xcdatamodel;
		};
/* End XCVersionGroup section */
	};
	rootObject = 189073B824BF84150075A810 /* Project object */;
}
